
Microsoft Visual Studio Solution File, Format Version 12.00
# Visual Studio Version 17
VisualStudioVersion = 17.9.34723.18
MinimumVisualStudioVersion = 10.0.40219.1
Project("{FAE04EC0-301F-11D3-BF4B-00C04F79EFBC}") = "TrackerLibrary", "TrackerLibrary\TrackerLibrary.csproj", "{1E808935-E8B8-47C4-B0DD-003FCADE9155}"
EndProject
Global
	GlobalSection(SolutionConfigurationPlatforms) = preSolution
		Debug|Any CPU = Debug|Any CPU
		Release|Any CPU = Release|Any CPU
	EndGlobalSection
	GlobalSection(ProjectConfigurationPlatforms) = postSolution
		{1E808935-E8B8-47C4-B0DD-003FCADE9155}.Debug|Any CPU.ActiveCfg = Debug|Any CPU
		{1E808935-E8B8-47C4-B0DD-003FCADE9155}.Debug|Any CPU.Build.0 = Debug|Any CPU
		{1E808935-E8B8-47C4-B0DD-003FCADE9155}.Release|Any CPU.ActiveCfg = Release|Any CPU
		{1E808935-E8B8-47C4-B0DD-003FCADE9155}.Release|Any CPU.Build.0 = Release|Any CPU
	EndGlobalSection
	GlobalSection(SolutionProperties) = preSolution
		HideSolutionNode = FALSE
	EndGlobalSection
	GlobalSection(ExtensibilityGlobals) = postSolution
		SolutionGuid = {3BDF7F91-D90D-492E-8DA6-3BE90E950DF9}
	EndGlobalSection
EndGlobal
